
Microsoft Visual Studio Solution File, Format Version 12.00
# Visual Studio Version 16
VisualStudioVersion = 16.0.30621.155
MinimumVisualStudioVersion = 10.0.40219.1
Project("{9A19103F-16F7-4668-BE54-9A1E7A4F7556}") = "EncryptDecryptApp", "EncryptDecryptApp\EncryptDecryptApp.csproj", "{24DFD639-7C44-4C22-953E-1B04934B9805}"
EndProject
Global
	GlobalSection(SolutionConfigurationPlatforms) = preSolution
		Debug|Any CPU = Debug|Any CPU
		Release|Any CPU = Release|Any CPU
	EndGlobalSection
	GlobalSection(ProjectConfigurationPlatforms) = postSolution
		{24DFD639-7C44-4C22-953E-1B04934B9805}.Debug|Any CPU.ActiveCfg = Debug|Any CPU
		{24DFD639-7C44-4C22-953E-1B04934B9805}.Debug|Any CPU.Build.0 = Debug|Any CPU
		{24DFD639-7C44-4C22-953E-1B04934B9805}.Release|Any CPU.ActiveCfg = Release|Any CPU
		{24DFD639-7C44-4C22-953E-1B04934B9805}.Release|Any CPU.Build.0 = Release|Any CPU
	EndGlobalSection
	GlobalSection(SolutionProperties) = preSolution
		HideSolutionNode = FALSE
	EndGlobalSection
	GlobalSection(ExtensibilityGlobals) = postSolution
		SolutionGuid = {73F09945-D6C3-48B3-9BC9-EA9CD69718E2}
	EndGlobalSection
EndGlobal
