
Microsoft Visual Studio Solution File, Format Version 12.00
# Visual Studio Version 16
VisualStudioVersion = 16.0.30621.155
MinimumVisualStudioVersion = 10.0.40219.1
Project("{9A19103F-16F7-4668-BE54-9A1E7A4F7556}") = "CustomersRESTAPI", "CustomersRESTAPI\CustomersRESTAPI.csproj", "{0EE0B7A7-B4B3-4B27-9D5C-B4F494B6B8F5}"
EndProject
Project("{9A19103F-16F7-4668-BE54-9A1E7A4F7556}") = "CustomersRESTAPITests", "CustomersRESTAPITests\CustomersRESTAPITests.csproj", "{315D6D8E-E48B-41CF-84EE-301332B18BA5}"
EndProject
Global
	GlobalSection(SolutionConfigurationPlatforms) = preSolution
		Debug|Any CPU = Debug|Any CPU
		Release|Any CPU = Release|Any CPU
	EndGlobalSection
	GlobalSection(ProjectConfigurationPlatforms) = postSolution
		{0EE0B7A7-B4B3-4B27-9D5C-B4F494B6B8F5}.Debug|Any CPU.ActiveCfg = Debug|Any CPU
		{0EE0B7A7-B4B3-4B27-9D5C-B4F494B6B8F5}.Debug|Any CPU.Build.0 = Debug|Any CPU
		{0EE0B7A7-B4B3-4B27-9D5C-B4F494B6B8F5}.Release|Any CPU.ActiveCfg = Release|Any CPU
		{0EE0B7A7-B4B3-4B27-9D5C-B4F494B6B8F5}.Release|Any CPU.Build.0 = Release|Any CPU
		{315D6D8E-E48B-41CF-84EE-301332B18BA5}.Debug|Any CPU.ActiveCfg = Debug|Any CPU
		{315D6D8E-E48B-41CF-84EE-301332B18BA5}.Debug|Any CPU.Build.0 = Debug|Any CPU
		{315D6D8E-E48B-41CF-84EE-301332B18BA5}.Release|Any CPU.ActiveCfg = Release|Any CPU
		{315D6D8E-E48B-41CF-84EE-301332B18BA5}.Release|Any CPU.Build.0 = Release|Any CPU
	EndGlobalSection
	GlobalSection(SolutionProperties) = preSolution
		HideSolutionNode = FALSE
	EndGlobalSection
	GlobalSection(ExtensibilityGlobals) = postSolution
		SolutionGuid = {1CCDB6CF-76F9-484E-838C-52A9F16F3656}
	EndGlobalSection
EndGlobal
