
Microsoft Visual Studio Solution File, Format Version 12.00
# Visual Studio Version 16
VisualStudioVersion = 16.0.31019.35
MinimumVisualStudioVersion = 10.0.40219.1
Project("{FAE04EC0-301F-11D3-BF4B-00C04F79EFBC}") = "LukeMooresWebsite", "LukeMooresWebsite\LukeMooresWebsite.csproj", "{D9E65584-B43C-4288-BFB1-59B44E40C152}"
EndProject
Global
	GlobalSection(SolutionConfigurationPlatforms) = preSolution
		Debug|Any CPU = Debug|Any CPU
		Release|Any CPU = Release|Any CPU
	EndGlobalSection
	GlobalSection(ProjectConfigurationPlatforms) = postSolution
		{D9E65584-B43C-4288-BFB1-59B44E40C152}.Debug|Any CPU.ActiveCfg = Debug|Any CPU
		{D9E65584-B43C-4288-BFB1-59B44E40C152}.Debug|Any CPU.Build.0 = Debug|Any CPU
		{D9E65584-B43C-4288-BFB1-59B44E40C152}.Release|Any CPU.ActiveCfg = Release|Any CPU
		{D9E65584-B43C-4288-BFB1-59B44E40C152}.Release|Any CPU.Build.0 = Release|Any CPU
	EndGlobalSection
	GlobalSection(SolutionProperties) = preSolution
		HideSolutionNode = FALSE
	EndGlobalSection
	GlobalSection(ExtensibilityGlobals) = postSolution
		SolutionGuid = {75A7143A-2530-48BB-B85E-DBEA2B819CBD}
	EndGlobalSection
EndGlobal
